
Microsoft Visual Studio Solution File, Format Version 12.00
# Visual Studio Version 16
VisualStudioVersion = 16.0.29911.84
MinimumVisualStudioVersion = 10.0.40219.1
Project("{9A19103F-16F7-4668-BE54-9A1E7A4F7556}") = "LeetCode", "LeetCode.csproj", "{8F6A6E6F-A8DD-4452-AC81-DDC45154C334}"
EndProject
Global
	GlobalSection(SolutionConfigurationPlatforms) = preSolution
		Debug|Any CPU = Debug|Any CPU
		Release|Any CPU = Release|Any CPU
	EndGlobalSection
	GlobalSection(ProjectConfigurationPlatforms) = postSolution
		{8F6A6E6F-A8DD-4452-AC81-DDC45154C334}.Debug|Any CPU.ActiveCfg = Debug|Any CPU
		{8F6A6E6F-A8DD-4452-AC81-DDC45154C334}.Debug|Any CPU.Build.0 = Debug|Any CPU
		{8F6A6E6F-A8DD-4452-AC81-DDC45154C334}.Release|Any CPU.ActiveCfg = Release|Any CPU
		{8F6A6E6F-A8DD-4452-AC81-DDC45154C334}.Release|Any CPU.Build.0 = Release|Any CPU
	EndGlobalSection
	GlobalSection(SolutionProperties) = preSolution
		HideSolutionNode = FALSE
	EndGlobalSection
	GlobalSection(ExtensibilityGlobals) = postSolution
		SolutionGuid = {0F9A8A82-AFAA-4FF8-8E9D-DB37CB4C6038}
	EndGlobalSection
EndGlobal
